
Microsoft Visual Studio Solution File, Format Version 12.00
# Visual Studio Version 16
VisualStudioVersion = 16.0.30413.136
MinimumVisualStudioVersion = 10.0.40219.1
Project("{FAE04EC0-301F-11D3-BF4B-00C04F79EFBC}") = "IDCodeReader", "IDCodeReader\IDCodeReader.csproj", "{1D1797EE-FACE-4C40-8763-6119529B3FA6}"
EndProject
Project("{FAE04EC0-301F-11D3-BF4B-00C04F79EFBC}") = "Substring", "Substring\Substring.csproj", "{CA34E36E-D9AF-4D11-B12D-71D71AF9E677}"
EndProject
Global
	GlobalSection(SolutionConfigurationPlatforms) = preSolution
		Debug|Any CPU = Debug|Any CPU
		Release|Any CPU = Release|Any CPU
	EndGlobalSection
	GlobalSection(ProjectConfigurationPlatforms) = postSolution
		{1D1797EE-FACE-4C40-8763-6119529B3FA6}.Debug|Any CPU.ActiveCfg = Debug|Any CPU
		{1D1797EE-FACE-4C40-8763-6119529B3FA6}.Debug|Any CPU.Build.0 = Debug|Any CPU
		{1D1797EE-FACE-4C40-8763-6119529B3FA6}.Release|Any CPU.ActiveCfg = Release|Any CPU
		{1D1797EE-FACE-4C40-8763-6119529B3FA6}.Release|Any CPU.Build.0 = Release|Any CPU
		{CA34E36E-D9AF-4D11-B12D-71D71AF9E677}.Debug|Any CPU.ActiveCfg = Debug|Any CPU
		{CA34E36E-D9AF-4D11-B12D-71D71AF9E677}.Debug|Any CPU.Build.0 = Debug|Any CPU
		{CA34E36E-D9AF-4D11-B12D-71D71AF9E677}.Release|Any CPU.ActiveCfg = Release|Any CPU
		{CA34E36E-D9AF-4D11-B12D-71D71AF9E677}.Release|Any CPU.Build.0 = Release|Any CPU
	EndGlobalSection
	GlobalSection(SolutionProperties) = preSolution
		HideSolutionNode = FALSE
	EndGlobalSection
	GlobalSection(ExtensibilityGlobals) = postSolution
		SolutionGuid = {B07FFF2C-AE8D-424B-BCFC-3F7763F0625A}
	EndGlobalSection
EndGlobal
